
Microsoft Visual Studio Solution File, Format Version 12.00
# Visual Studio Version 17
VisualStudioVersion = 17.10.35013.160
MinimumVisualStudioVersion = 10.0.40219.1
Project("{FAE04EC0-301F-11D3-BF4B-00C04F79EFBC}") = "CSharpOdev7", "CSharpOdev7\CSharpOdev7.csproj", "{7FA7C19C-B6F3-40F3-BC73-D4DC5EAA8528}"
EndProject
Project("{2150E333-8FDC-42A3-9474-1A3956D46DE8}") = "Solution Items", "Solution Items", "{E9F15A48-FA7D-4FDD-B70F-332061C01C6B}"
	ProjectSection(SolutionItems) = preProject
		README.md = README.md
	EndProjectSection
EndProject
Global
	GlobalSection(SolutionConfigurationPlatforms) = preSolution
		Debug|Any CPU = Debug|Any CPU
		Release|Any CPU = Release|Any CPU
	EndGlobalSection
	GlobalSection(ProjectConfigurationPlatforms) = postSolution
		{7FA7C19C-B6F3-40F3-BC73-D4DC5EAA8528}.Debug|Any CPU.ActiveCfg = Debug|Any CPU
		{7FA7C19C-B6F3-40F3-BC73-D4DC5EAA8528}.Debug|Any CPU.Build.0 = Debug|Any CPU
		{7FA7C19C-B6F3-40F3-BC73-D4DC5EAA8528}.Release|Any CPU.ActiveCfg = Release|Any CPU
		{7FA7C19C-B6F3-40F3-BC73-D4DC5EAA8528}.Release|Any CPU.Build.0 = Release|Any CPU
	EndGlobalSection
	GlobalSection(SolutionProperties) = preSolution
		HideSolutionNode = FALSE
	EndGlobalSection
	GlobalSection(ExtensibilityGlobals) = postSolution
		SolutionGuid = {2BA8262D-8251-47BE-8FCF-FDFB6D1E8D6B}
	EndGlobalSection
EndGlobal
